
Microsoft Visual Studio Solution File, Format Version 12.00
# Visual Studio Version 17
VisualStudioVersion = 17.1.32210.238
MinimumVisualStudioVersion = 10.0.40219.1
Project("{FAE04EC0-301F-11D3-BF4B-00C04F79EFBC}") = "ce100-hw1-algo-lib-cs", "ce100-hw1-algo-lib-cs\ce100-hw1-algo-lib-cs.csproj", "{F6B2D594-524B-4582-8E37-A04E8B7CECE5}"
EndProject
Project("{FAE04EC0-301F-11D3-BF4B-00C04F79EFBC}") = "ce100-hw1-algo-test-cs", "ce100-hw1-algo-test-cs\ce100-hw1-algo-test-cs.csproj", "{9C2EBE44-650C-4046-BA75-0EB1A0507CB5}"
EndProject
Global
	GlobalSection(SolutionConfigurationPlatforms) = preSolution
		Debug|Any CPU = Debug|Any CPU
		Release|Any CPU = Release|Any CPU
	EndGlobalSection
	GlobalSection(ProjectConfigurationPlatforms) = postSolution
		{F6B2D594-524B-4582-8E37-A04E8B7CECE5}.Debug|Any CPU.ActiveCfg = Debug|Any CPU
		{F6B2D594-524B-4582-8E37-A04E8B7CECE5}.Debug|Any CPU.Build.0 = Debug|Any CPU
		{F6B2D594-524B-4582-8E37-A04E8B7CECE5}.Release|Any CPU.ActiveCfg = Release|Any CPU
		{F6B2D594-524B-4582-8E37-A04E8B7CECE5}.Release|Any CPU.Build.0 = Release|Any CPU
		{9C2EBE44-650C-4046-BA75-0EB1A0507CB5}.Debug|Any CPU.ActiveCfg = Debug|Any CPU
		{9C2EBE44-650C-4046-BA75-0EB1A0507CB5}.Debug|Any CPU.Build.0 = Debug|Any CPU
		{9C2EBE44-650C-4046-BA75-0EB1A0507CB5}.Release|Any CPU.ActiveCfg = Release|Any CPU
		{9C2EBE44-650C-4046-BA75-0EB1A0507CB5}.Release|Any CPU.Build.0 = Release|Any CPU
	EndGlobalSection
	GlobalSection(SolutionProperties) = preSolution
		HideSolutionNode = FALSE
	EndGlobalSection
	GlobalSection(ExtensibilityGlobals) = postSolution
		SolutionGuid = {149CDAAF-6879-474F-B910-45AB05D099E5}
	EndGlobalSection
EndGlobal
